<?xml version="1.0" encoding="utf-8"?>
<Project ToolsVersion="17.0" xmlns="http://schemas.microsoft.com/developer/msbuild/2003">
  <ItemGroup>
    <ClCompile Include="C:\Projects\ClothSimulator\ClothSimulator\Dependencies\glfw-3.3.8\tests\opacity.c">
      <Filter>Source Files</Filter>
    </ClCompile>
    <ClCompile Include="C:\Projects\ClothSimulator\ClothSimulator\Dependencies\glfw-3.3.8\deps\glad_gl.c">
      <Filter>Source Files</Filter>
    </ClCompile>
  </ItemGroup>
  <ItemGroup>
    <ClInclude Include="C:\Projects\ClothSimulator\ClothSimulator\Dependencies\glfw-3.3.8\deps\glad\gl.h">
      <Filter>Header Files</Filter>
    </ClInclude>
  </ItemGroup>
  <ItemGroup>
    <CustomBuild Include="C:\Projects\ClothSimulator\ClothSimulator\Dependencies\glfw-3.3.8\tests\CMakeLists.txt" />
  </ItemGroup>
  <ItemGroup>
    <Filter Include="Header Files">
      <UniqueIdentifier>{3707CE7C-5FEE-3D83-9AF0-988383DD333D}</UniqueIdentifier>
    </Filter>
    <Filter Include="Source Files">
      <UniqueIdentifier>{E22633B1-6B66-3C55-8F98-0F1DBA13EBD7}</UniqueIdentifier>
    </Filter>
  </ItemGroup>
</Project>
