<?xml version="1.0" encoding="utf-8"?>
<Project ToolsVersion="17.0" xmlns="http://schemas.microsoft.com/developer/msbuild/2003">
  <ItemGroup>
    <CustomBuild Include="C:\Projects\ClothSimulator\ClothSimulator\Dependencies\glfw-3.3.8\ProjectFiles\CMakeFiles\b8416406fba06f1b97b6e707fd66352a\update_mappings.rule">
      <Filter>CMake Rules</Filter>
    </CustomBuild>
    <CustomBuild Include="C:\Projects\ClothSimulator\ClothSimulator\Dependencies\glfw-3.3.8\src\CMakeLists.txt" />
  </ItemGroup>
  <ItemGroup>
    <None Include="C:\Projects\ClothSimulator\ClothSimulator\Dependencies\glfw-3.3.8\src\mappings.h.in">
      <Filter>Header Files</Filter>
    </None>
    <None Include="C:\Projects\ClothSimulator\ClothSimulator\Dependencies\glfw-3.3.8\CMake\GenerateMappings.cmake" />
    <None Include="C:\Projects\ClothSimulator\ClothSimulator\Dependencies\glfw-3.3.8\ProjectFiles\src\CMakeFiles\update_mappings" />
  </ItemGroup>
  <ItemGroup>
    <Filter Include="CMake Rules">
      <UniqueIdentifier>{80235A10-AECC-3DCB-9513-4773C2394FD3}</UniqueIdentifier>
    </Filter>
    <Filter Include="Header Files">
      <UniqueIdentifier>{3707CE7C-5FEE-3D83-9AF0-988383DD333D}</UniqueIdentifier>
    </Filter>
  </ItemGroup>
</Project>
